
Microsoft Visual Studio Solution File, Format Version 12.00
# Visual Studio Version 17
VisualStudioVersion = 17.9.34728.123
MinimumVisualStudioVersion = 10.0.40219.1
Project("{9A19103F-16F7-4668-BE54-9A1E7A4F7556}") = "Turnbased-Game", "Turnbased-Game.csproj", "{4CC1BD00-DAA9-4CF6-8FFE-DA9E532EE95A}"
EndProject
Project("{9A19103F-16F7-4668-BE54-9A1E7A4F7556}") = "Testing", "..\Testing\Testing.csproj", "{AC3B6B65-6951-440B-9FBC-9B5109F6A1BF}"
EndProject
Project("{FAE04EC0-301F-11D3-BF4B-00C04F79EFBC}") = "Client", "..\Client\Client.csproj", "{5996C971-77F2-4B67-9A2D-B99C91DC0824}"
EndProject
Global
	GlobalSection(SolutionConfigurationPlatforms) = preSolution
		Debug|Any CPU = Debug|Any CPU
		Release|Any CPU = Release|Any CPU
	EndGlobalSection
	GlobalSection(ProjectConfigurationPlatforms) = postSolution
		{4CC1BD00-DAA9-4CF6-8FFE-DA9E532EE95A}.Debug|Any CPU.ActiveCfg = Debug|Any CPU
		{4CC1BD00-DAA9-4CF6-8FFE-DA9E532EE95A}.Debug|Any CPU.Build.0 = Debug|Any CPU
		{4CC1BD00-DAA9-4CF6-8FFE-DA9E532EE95A}.Release|Any CPU.ActiveCfg = Release|Any CPU
		{4CC1BD00-DAA9-4CF6-8FFE-DA9E532EE95A}.Release|Any CPU.Build.0 = Release|Any CPU
		{AC3B6B65-6951-440B-9FBC-9B5109F6A1BF}.Debug|Any CPU.ActiveCfg = Debug|Any CPU
		{AC3B6B65-6951-440B-9FBC-9B5109F6A1BF}.Debug|Any CPU.Build.0 = Debug|Any CPU
		{AC3B6B65-6951-440B-9FBC-9B5109F6A1BF}.Release|Any CPU.ActiveCfg = Release|Any CPU
		{AC3B6B65-6951-440B-9FBC-9B5109F6A1BF}.Release|Any CPU.Build.0 = Release|Any CPU
		{5996C971-77F2-4B67-9A2D-B99C91DC0824}.Debug|Any CPU.ActiveCfg = Debug|Any CPU
		{5996C971-77F2-4B67-9A2D-B99C91DC0824}.Debug|Any CPU.Build.0 = Debug|Any CPU
		{5996C971-77F2-4B67-9A2D-B99C91DC0824}.Release|Any CPU.ActiveCfg = Release|Any CPU
		{5996C971-77F2-4B67-9A2D-B99C91DC0824}.Release|Any CPU.Build.0 = Release|Any CPU
	EndGlobalSection
	GlobalSection(SolutionProperties) = preSolution
		HideSolutionNode = FALSE
	EndGlobalSection
	GlobalSection(ExtensibilityGlobals) = postSolution
		SolutionGuid = {46DAE1BD-6810-4A21-8CAA-42CC9D0402E6}
	EndGlobalSection
EndGlobal
